
Microsoft Visual Studio Solution File, Format Version 12.00
# TcXaeShell Solution File, Format Version 11.00
VisualStudioVersion = 15.0.28307.1300
MinimumVisualStudioVersion = 10.0.40219.1
Project("{B1E792BE-AA5F-4E3C-8C82-674BF9C0715B}") = "TwinCATTesteCX9020_CSV", "TwinCATTesteCX9020_CSV\TwinCATTesteCX9020_CSV.tsproj", "{A05BDE9E-41D7-4DC2-96C5-026124C03988}"
EndProject
Global
	GlobalSection(SolutionConfigurationPlatforms) = preSolution
		Debug|TwinCAT CE7 (ARMV7) = Debug|TwinCAT CE7 (ARMV7)
		Debug|TwinCAT OS (ARMT2) = Debug|TwinCAT OS (ARMT2)
		Debug|TwinCAT RT (x64) = Debug|TwinCAT RT (x64)
		Debug|TwinCAT RT (x86) = Debug|TwinCAT RT (x86)
		Release|TwinCAT CE7 (ARMV7) = Release|TwinCAT CE7 (ARMV7)
		Release|TwinCAT OS (ARMT2) = Release|TwinCAT OS (ARMT2)
		Release|TwinCAT RT (x64) = Release|TwinCAT RT (x64)
		Release|TwinCAT RT (x86) = Release|TwinCAT RT (x86)
	EndGlobalSection
	GlobalSection(ProjectConfigurationPlatforms) = postSolution
		{A05BDE9E-41D7-4DC2-96C5-026124C03988}.Debug|TwinCAT CE7 (ARMV7).ActiveCfg = Debug|TwinCAT CE7 (ARMV7)
		{A05BDE9E-41D7-4DC2-96C5-026124C03988}.Debug|TwinCAT CE7 (ARMV7).Build.0 = Debug|TwinCAT CE7 (ARMV7)
		{A05BDE9E-41D7-4DC2-96C5-026124C03988}.Debug|TwinCAT OS (ARMT2).ActiveCfg = Debug|TwinCAT OS (ARMT2)
		{A05BDE9E-41D7-4DC2-96C5-026124C03988}.Debug|TwinCAT OS (ARMT2).Build.0 = Debug|TwinCAT OS (ARMT2)
		{A05BDE9E-41D7-4DC2-96C5-026124C03988}.Debug|TwinCAT RT (x64).ActiveCfg = Debug|TwinCAT RT (x64)
		{A05BDE9E-41D7-4DC2-96C5-026124C03988}.Debug|TwinCAT RT (x64).Build.0 = Debug|TwinCAT RT (x64)
		{A05BDE9E-41D7-4DC2-96C5-026124C03988}.Debug|TwinCAT RT (x86).ActiveCfg = Debug|TwinCAT RT (x86)
		{A05BDE9E-41D7-4DC2-96C5-026124C03988}.Debug|TwinCAT RT (x86).Build.0 = Debug|TwinCAT RT (x86)
		{A05BDE9E-41D7-4DC2-96C5-026124C03988}.Release|TwinCAT CE7 (ARMV7).ActiveCfg = Release|TwinCAT CE7 (ARMV7)
		{A05BDE9E-41D7-4DC2-96C5-026124C03988}.Release|TwinCAT CE7 (ARMV7).Build.0 = Release|TwinCAT CE7 (ARMV7)
		{A05BDE9E-41D7-4DC2-96C5-026124C03988}.Release|TwinCAT OS (ARMT2).ActiveCfg = Release|TwinCAT OS (ARMT2)
		{A05BDE9E-41D7-4DC2-96C5-026124C03988}.Release|TwinCAT OS (ARMT2).Build.0 = Release|TwinCAT OS (ARMT2)
		{A05BDE9E-41D7-4DC2-96C5-026124C03988}.Release|TwinCAT RT (x64).ActiveCfg = Release|TwinCAT RT (x64)
		{A05BDE9E-41D7-4DC2-96C5-026124C03988}.Release|TwinCAT RT (x64).Build.0 = Release|TwinCAT RT (x64)
		{A05BDE9E-41D7-4DC2-96C5-026124C03988}.Release|TwinCAT RT (x86).ActiveCfg = Release|TwinCAT RT (x86)
		{A05BDE9E-41D7-4DC2-96C5-026124C03988}.Release|TwinCAT RT (x86).Build.0 = Release|TwinCAT RT (x86)
		{B717F561-DC94-46F7-B3EA-9A96912C26DA}.Debug|TwinCAT CE7 (ARMV7).ActiveCfg = Debug|TwinCAT CE7 (ARMV7)
		{B717F561-DC94-46F7-B3EA-9A96912C26DA}.Debug|TwinCAT CE7 (ARMV7).Build.0 = Debug|TwinCAT CE7 (ARMV7)
		{B717F561-DC94-46F7-B3EA-9A96912C26DA}.Debug|TwinCAT OS (ARMT2).ActiveCfg = Debug|TwinCAT OS (ARMT2)
		{B717F561-DC94-46F7-B3EA-9A96912C26DA}.Debug|TwinCAT OS (ARMT2).Build.0 = Debug|TwinCAT OS (ARMT2)
		{B717F561-DC94-46F7-B3EA-9A96912C26DA}.Debug|TwinCAT RT (x64).ActiveCfg = Debug|TwinCAT RT (x64)
		{B717F561-DC94-46F7-B3EA-9A96912C26DA}.Debug|TwinCAT RT (x64).Build.0 = Debug|TwinCAT RT (x64)
		{B717F561-DC94-46F7-B3EA-9A96912C26DA}.Debug|TwinCAT RT (x86).ActiveCfg = Debug|TwinCAT RT (x86)
		{B717F561-DC94-46F7-B3EA-9A96912C26DA}.Debug|TwinCAT RT (x86).Build.0 = Debug|TwinCAT RT (x86)
		{B717F561-DC94-46F7-B3EA-9A96912C26DA}.Release|TwinCAT CE7 (ARMV7).ActiveCfg = Release|TwinCAT CE7 (ARMV7)
		{B717F561-DC94-46F7-B3EA-9A96912C26DA}.Release|TwinCAT CE7 (ARMV7).Build.0 = Release|TwinCAT CE7 (ARMV7)
		{B717F561-DC94-46F7-B3EA-9A96912C26DA}.Release|TwinCAT OS (ARMT2).ActiveCfg = Release|TwinCAT OS (ARMT2)
		{B717F561-DC94-46F7-B3EA-9A96912C26DA}.Release|TwinCAT OS (ARMT2).Build.0 = Release|TwinCAT OS (ARMT2)
		{B717F561-DC94-46F7-B3EA-9A96912C26DA}.Release|TwinCAT RT (x64).ActiveCfg = Release|TwinCAT RT (x64)
		{B717F561-DC94-46F7-B3EA-9A96912C26DA}.Release|TwinCAT RT (x64).Build.0 = Release|TwinCAT RT (x64)
		{B717F561-DC94-46F7-B3EA-9A96912C26DA}.Release|TwinCAT RT (x86).ActiveCfg = Release|TwinCAT RT (x86)
		{B717F561-DC94-46F7-B3EA-9A96912C26DA}.Release|TwinCAT RT (x86).Build.0 = Release|TwinCAT RT (x86)
	EndGlobalSection
	GlobalSection(SolutionProperties) = preSolution
		HideSolutionNode = FALSE
	EndGlobalSection
	GlobalSection(ExtensibilityGlobals) = postSolution
		SolutionGuid = {D6DD3575-3195-479D-8928-08DFAE00C8CF}
	EndGlobalSection
EndGlobal
