
Microsoft Visual Studio Solution File, Format Version 12.00
# TcXaeShell Solution File, Format Version 11.00
VisualStudioVersion = 15.0.33403.129
MinimumVisualStudioVersion = 10.0.40219.1
Project("{B1E792BE-AA5F-4E3C-8C82-674BF9C0715B}") = "SafetyTest", "SafetyTest\SafetyTest.tsproj", "{43A1D157-532B-4C56-B34D-0B4016625F32}"
EndProject
Global
	GlobalSection(SolutionConfigurationPlatforms) = preSolution
		Debug|TwinCAT CE7 (ARMV7) = Debug|TwinCAT CE7 (ARMV7)
		Debug|TwinCAT OS (ARMT2) = Debug|TwinCAT OS (ARMT2)
		Debug|TwinCAT RT (x64) = Debug|TwinCAT RT (x64)
		Debug|TwinCAT RT (x86) = Debug|TwinCAT RT (x86)
		Release|TwinCAT CE7 (ARMV7) = Release|TwinCAT CE7 (ARMV7)
		Release|TwinCAT OS (ARMT2) = Release|TwinCAT OS (ARMT2)
		Release|TwinCAT RT (x64) = Release|TwinCAT RT (x64)
		Release|TwinCAT RT (x86) = Release|TwinCAT RT (x86)
	EndGlobalSection
	GlobalSection(ProjectConfigurationPlatforms) = postSolution
		{43A1D157-532B-4C56-B34D-0B4016625F32}.Debug|TwinCAT CE7 (ARMV7).ActiveCfg = Debug|TwinCAT CE7 (ARMV7)
		{43A1D157-532B-4C56-B34D-0B4016625F32}.Debug|TwinCAT CE7 (ARMV7).Build.0 = Debug|TwinCAT CE7 (ARMV7)
		{43A1D157-532B-4C56-B34D-0B4016625F32}.Debug|TwinCAT OS (ARMT2).ActiveCfg = Debug|TwinCAT OS (ARMT2)
		{43A1D157-532B-4C56-B34D-0B4016625F32}.Debug|TwinCAT OS (ARMT2).Build.0 = Debug|TwinCAT OS (ARMT2)
		{43A1D157-532B-4C56-B34D-0B4016625F32}.Debug|TwinCAT RT (x64).ActiveCfg = Debug|TwinCAT RT (x64)
		{43A1D157-532B-4C56-B34D-0B4016625F32}.Debug|TwinCAT RT (x64).Build.0 = Debug|TwinCAT RT (x64)
		{43A1D157-532B-4C56-B34D-0B4016625F32}.Debug|TwinCAT RT (x86).ActiveCfg = Debug|TwinCAT RT (x86)
		{43A1D157-532B-4C56-B34D-0B4016625F32}.Debug|TwinCAT RT (x86).Build.0 = Debug|TwinCAT RT (x86)
		{43A1D157-532B-4C56-B34D-0B4016625F32}.Release|TwinCAT CE7 (ARMV7).ActiveCfg = Release|TwinCAT CE7 (ARMV7)
		{43A1D157-532B-4C56-B34D-0B4016625F32}.Release|TwinCAT CE7 (ARMV7).Build.0 = Release|TwinCAT CE7 (ARMV7)
		{43A1D157-532B-4C56-B34D-0B4016625F32}.Release|TwinCAT OS (ARMT2).ActiveCfg = Release|TwinCAT OS (ARMT2)
		{43A1D157-532B-4C56-B34D-0B4016625F32}.Release|TwinCAT OS (ARMT2).Build.0 = Release|TwinCAT OS (ARMT2)
		{43A1D157-532B-4C56-B34D-0B4016625F32}.Release|TwinCAT RT (x64).ActiveCfg = Release|TwinCAT RT (x64)
		{43A1D157-532B-4C56-B34D-0B4016625F32}.Release|TwinCAT RT (x64).Build.0 = Release|TwinCAT RT (x64)
		{43A1D157-532B-4C56-B34D-0B4016625F32}.Release|TwinCAT RT (x86).ActiveCfg = Release|TwinCAT RT (x86)
		{43A1D157-532B-4C56-B34D-0B4016625F32}.Release|TwinCAT RT (x86).Build.0 = Release|TwinCAT RT (x86)
		{6D6D8990-D014-44A8-81CC-5AC892B9DCA5}.Debug|TwinCAT CE7 (ARMV7).ActiveCfg = Debug|TwinCAT CE7 (ARMV7)
		{6D6D8990-D014-44A8-81CC-5AC892B9DCA5}.Debug|TwinCAT CE7 (ARMV7).Build.0 = Debug|TwinCAT CE7 (ARMV7)
		{6D6D8990-D014-44A8-81CC-5AC892B9DCA5}.Debug|TwinCAT OS (ARMT2).ActiveCfg = Debug|TwinCAT OS (ARMT2)
		{6D6D8990-D014-44A8-81CC-5AC892B9DCA5}.Debug|TwinCAT OS (ARMT2).Build.0 = Debug|TwinCAT OS (ARMT2)
		{6D6D8990-D014-44A8-81CC-5AC892B9DCA5}.Debug|TwinCAT RT (x64).ActiveCfg = Debug|TwinCAT RT (x64)
		{6D6D8990-D014-44A8-81CC-5AC892B9DCA5}.Debug|TwinCAT RT (x64).Build.0 = Debug|TwinCAT RT (x64)
		{6D6D8990-D014-44A8-81CC-5AC892B9DCA5}.Debug|TwinCAT RT (x86).ActiveCfg = Debug|TwinCAT RT (x86)
		{6D6D8990-D014-44A8-81CC-5AC892B9DCA5}.Debug|TwinCAT RT (x86).Build.0 = Debug|TwinCAT RT (x86)
		{6D6D8990-D014-44A8-81CC-5AC892B9DCA5}.Release|TwinCAT CE7 (ARMV7).ActiveCfg = Release|TwinCAT CE7 (ARMV7)
		{6D6D8990-D014-44A8-81CC-5AC892B9DCA5}.Release|TwinCAT CE7 (ARMV7).Build.0 = Release|TwinCAT CE7 (ARMV7)
		{6D6D8990-D014-44A8-81CC-5AC892B9DCA5}.Release|TwinCAT OS (ARMT2).ActiveCfg = Release|TwinCAT OS (ARMT2)
		{6D6D8990-D014-44A8-81CC-5AC892B9DCA5}.Release|TwinCAT OS (ARMT2).Build.0 = Release|TwinCAT OS (ARMT2)
		{6D6D8990-D014-44A8-81CC-5AC892B9DCA5}.Release|TwinCAT RT (x64).ActiveCfg = Release|TwinCAT RT (x64)
		{6D6D8990-D014-44A8-81CC-5AC892B9DCA5}.Release|TwinCAT RT (x64).Build.0 = Release|TwinCAT RT (x64)
		{6D6D8990-D014-44A8-81CC-5AC892B9DCA5}.Release|TwinCAT RT (x86).ActiveCfg = Release|TwinCAT RT (x86)
		{6D6D8990-D014-44A8-81CC-5AC892B9DCA5}.Release|TwinCAT RT (x86).Build.0 = Release|TwinCAT RT (x86)
		{ABF138C6-82B7-437E-B8CA-0E95284A52C8}.Debug|TwinCAT CE7 (ARMV7).ActiveCfg = Debug|TwinCAT CE7 (ARMV7)
		{ABF138C6-82B7-437E-B8CA-0E95284A52C8}.Debug|TwinCAT CE7 (ARMV7).Build.0 = Debug|TwinCAT CE7 (ARMV7)
		{ABF138C6-82B7-437E-B8CA-0E95284A52C8}.Debug|TwinCAT OS (ARMT2).ActiveCfg = Debug|TwinCAT OS (ARMT2)
		{ABF138C6-82B7-437E-B8CA-0E95284A52C8}.Debug|TwinCAT OS (ARMT2).Build.0 = Debug|TwinCAT OS (ARMT2)
		{ABF138C6-82B7-437E-B8CA-0E95284A52C8}.Debug|TwinCAT RT (x64).ActiveCfg = Debug|TwinCAT RT (x64)
		{ABF138C6-82B7-437E-B8CA-0E95284A52C8}.Debug|TwinCAT RT (x64).Build.0 = Debug|TwinCAT RT (x64)
		{ABF138C6-82B7-437E-B8CA-0E95284A52C8}.Debug|TwinCAT RT (x86).ActiveCfg = Debug|TwinCAT RT (x86)
		{ABF138C6-82B7-437E-B8CA-0E95284A52C8}.Debug|TwinCAT RT (x86).Build.0 = Debug|TwinCAT RT (x86)
		{ABF138C6-82B7-437E-B8CA-0E95284A52C8}.Release|TwinCAT CE7 (ARMV7).ActiveCfg = Release|TwinCAT CE7 (ARMV7)
		{ABF138C6-82B7-437E-B8CA-0E95284A52C8}.Release|TwinCAT CE7 (ARMV7).Build.0 = Release|TwinCAT CE7 (ARMV7)
		{ABF138C6-82B7-437E-B8CA-0E95284A52C8}.Release|TwinCAT OS (ARMT2).ActiveCfg = Release|TwinCAT OS (ARMT2)
		{ABF138C6-82B7-437E-B8CA-0E95284A52C8}.Release|TwinCAT OS (ARMT2).Build.0 = Release|TwinCAT OS (ARMT2)
		{ABF138C6-82B7-437E-B8CA-0E95284A52C8}.Release|TwinCAT RT (x64).ActiveCfg = Release|TwinCAT RT (x64)
		{ABF138C6-82B7-437E-B8CA-0E95284A52C8}.Release|TwinCAT RT (x64).Build.0 = Release|TwinCAT RT (x64)
		{ABF138C6-82B7-437E-B8CA-0E95284A52C8}.Release|TwinCAT RT (x86).ActiveCfg = Release|TwinCAT RT (x86)
		{ABF138C6-82B7-437E-B8CA-0E95284A52C8}.Release|TwinCAT RT (x86).Build.0 = Release|TwinCAT RT (x86)
		{A038C4B2-D2D7-4A87-AB64-AE4D81794473}.Debug|TwinCAT CE7 (ARMV7).ActiveCfg = Debug|TwinCAT CE7 (ARMV7)
		{A038C4B2-D2D7-4A87-AB64-AE4D81794473}.Debug|TwinCAT CE7 (ARMV7).Build.0 = Debug|TwinCAT CE7 (ARMV7)
		{A038C4B2-D2D7-4A87-AB64-AE4D81794473}.Debug|TwinCAT OS (ARMT2).ActiveCfg = Debug|TwinCAT OS (ARMT2)
		{A038C4B2-D2D7-4A87-AB64-AE4D81794473}.Debug|TwinCAT OS (ARMT2).Build.0 = Debug|TwinCAT OS (ARMT2)
		{A038C4B2-D2D7-4A87-AB64-AE4D81794473}.Debug|TwinCAT RT (x64).ActiveCfg = Debug|TwinCAT RT (x64)
		{A038C4B2-D2D7-4A87-AB64-AE4D81794473}.Debug|TwinCAT RT (x64).Build.0 = Debug|TwinCAT RT (x64)
		{A038C4B2-D2D7-4A87-AB64-AE4D81794473}.Debug|TwinCAT RT (x86).ActiveCfg = Debug|TwinCAT RT (x86)
		{A038C4B2-D2D7-4A87-AB64-AE4D81794473}.Debug|TwinCAT RT (x86).Build.0 = Debug|TwinCAT RT (x86)
		{A038C4B2-D2D7-4A87-AB64-AE4D81794473}.Release|TwinCAT CE7 (ARMV7).ActiveCfg = Release|TwinCAT CE7 (ARMV7)
		{A038C4B2-D2D7-4A87-AB64-AE4D81794473}.Release|TwinCAT CE7 (ARMV7).Build.0 = Release|TwinCAT CE7 (ARMV7)
		{A038C4B2-D2D7-4A87-AB64-AE4D81794473}.Release|TwinCAT OS (ARMT2).ActiveCfg = Release|TwinCAT OS (ARMT2)
		{A038C4B2-D2D7-4A87-AB64-AE4D81794473}.Release|TwinCAT OS (ARMT2).Build.0 = Release|TwinCAT OS (ARMT2)
		{A038C4B2-D2D7-4A87-AB64-AE4D81794473}.Release|TwinCAT RT (x64).ActiveCfg = Release|TwinCAT RT (x64)
		{A038C4B2-D2D7-4A87-AB64-AE4D81794473}.Release|TwinCAT RT (x64).Build.0 = Release|TwinCAT RT (x64)
		{A038C4B2-D2D7-4A87-AB64-AE4D81794473}.Release|TwinCAT RT (x86).ActiveCfg = Release|TwinCAT RT (x86)
		{A038C4B2-D2D7-4A87-AB64-AE4D81794473}.Release|TwinCAT RT (x86).Build.0 = Release|TwinCAT RT (x86)
	EndGlobalSection
	GlobalSection(SolutionProperties) = preSolution
		HideSolutionNode = FALSE
	EndGlobalSection
	GlobalSection(ExtensibilityGlobals) = postSolution
		SolutionGuid = {A5F9C916-F7D0-47D1-B751-E7866D0E7183}
	EndGlobalSection
EndGlobal
