
Microsoft Visual Studio Solution File, Format Version 12.00
# TcXaeShell Solution File, Format Version 11.00
VisualStudioVersion = 15.0.33403.129
MinimumVisualStudioVersion = 10.0.40219.1
Project("{FE7A1B72-C5B7-4D7C-BB7D-76384D4DE8E1}") = "KbDetect", "KbDetect\KbDetect.hmiproj", "{1AD51F50-1ABF-4FD5-A7F1-C6FA6A492AC8}"
EndProject
Global
	GlobalSection(SolutionConfigurationPlatforms) = preSolution
		Debug|TwinCAT HMI = Debug|TwinCAT HMI
		Release|TwinCAT HMI = Release|TwinCAT HMI
	EndGlobalSection
	GlobalSection(ProjectConfigurationPlatforms) = postSolution
		{1AD51F50-1ABF-4FD5-A7F1-C6FA6A492AC8}.Debug|TwinCAT HMI.ActiveCfg = Debug|TwinCAT HMI
		{1AD51F50-1ABF-4FD5-A7F1-C6FA6A492AC8}.Debug|TwinCAT HMI.Build.0 = Debug|TwinCAT HMI
		{1AD51F50-1ABF-4FD5-A7F1-C6FA6A492AC8}.Release|TwinCAT HMI.ActiveCfg = Release|TwinCAT HMI
		{1AD51F50-1ABF-4FD5-A7F1-C6FA6A492AC8}.Release|TwinCAT HMI.Build.0 = Release|TwinCAT HMI
	EndGlobalSection
	GlobalSection(SolutionProperties) = preSolution
		HideSolutionNode = FALSE
	EndGlobalSection
	GlobalSection(ExtensibilityGlobals) = postSolution
		SolutionGuid = {C279FCEF-D9F5-4DD8-8292-D1B4DC462450}
	EndGlobalSection
EndGlobal
