
Microsoft Visual Studio Solution File, Format Version 12.00
# TcXaeShell Solution File, Format Version 11.00
VisualStudioVersion = 15.0.28307.1913
MinimumVisualStudioVersion = 10.0.40219.1
Project("{B1E792BE-AA5F-4E3C-8C82-674BF9C0715B}") = "ParseString", "ParseString\ParseString.tsproj", "{AA3D249E-6C79-4F5C-BA7F-738A0BD72D25}"
EndProject
Global
	GlobalSection(SolutionConfigurationPlatforms) = preSolution
		Debug|TwinCAT CE7 (ARMV7) = Debug|TwinCAT CE7 (ARMV7)
		Debug|TwinCAT OS (ARMT2) = Debug|TwinCAT OS (ARMT2)
		Debug|TwinCAT RT (x64) = Debug|TwinCAT RT (x64)
		Debug|TwinCAT RT (x86) = Debug|TwinCAT RT (x86)
		Release|TwinCAT CE7 (ARMV7) = Release|TwinCAT CE7 (ARMV7)
		Release|TwinCAT OS (ARMT2) = Release|TwinCAT OS (ARMT2)
		Release|TwinCAT RT (x64) = Release|TwinCAT RT (x64)
		Release|TwinCAT RT (x86) = Release|TwinCAT RT (x86)
	EndGlobalSection
	GlobalSection(ProjectConfigurationPlatforms) = postSolution
		{AA3D249E-6C79-4F5C-BA7F-738A0BD72D25}.Debug|TwinCAT CE7 (ARMV7).ActiveCfg = Debug|TwinCAT CE7 (ARMV7)
		{AA3D249E-6C79-4F5C-BA7F-738A0BD72D25}.Debug|TwinCAT CE7 (ARMV7).Build.0 = Debug|TwinCAT CE7 (ARMV7)
		{AA3D249E-6C79-4F5C-BA7F-738A0BD72D25}.Debug|TwinCAT OS (ARMT2).ActiveCfg = Debug|TwinCAT OS (ARMT2)
		{AA3D249E-6C79-4F5C-BA7F-738A0BD72D25}.Debug|TwinCAT OS (ARMT2).Build.0 = Debug|TwinCAT OS (ARMT2)
		{AA3D249E-6C79-4F5C-BA7F-738A0BD72D25}.Debug|TwinCAT RT (x64).ActiveCfg = Debug|TwinCAT RT (x64)
		{AA3D249E-6C79-4F5C-BA7F-738A0BD72D25}.Debug|TwinCAT RT (x64).Build.0 = Debug|TwinCAT RT (x64)
		{AA3D249E-6C79-4F5C-BA7F-738A0BD72D25}.Debug|TwinCAT RT (x86).ActiveCfg = Debug|TwinCAT RT (x86)
		{AA3D249E-6C79-4F5C-BA7F-738A0BD72D25}.Debug|TwinCAT RT (x86).Build.0 = Debug|TwinCAT RT (x86)
		{AA3D249E-6C79-4F5C-BA7F-738A0BD72D25}.Release|TwinCAT CE7 (ARMV7).ActiveCfg = Release|TwinCAT CE7 (ARMV7)
		{AA3D249E-6C79-4F5C-BA7F-738A0BD72D25}.Release|TwinCAT CE7 (ARMV7).Build.0 = Release|TwinCAT CE7 (ARMV7)
		{AA3D249E-6C79-4F5C-BA7F-738A0BD72D25}.Release|TwinCAT OS (ARMT2).ActiveCfg = Release|TwinCAT OS (ARMT2)
		{AA3D249E-6C79-4F5C-BA7F-738A0BD72D25}.Release|TwinCAT OS (ARMT2).Build.0 = Release|TwinCAT OS (ARMT2)
		{AA3D249E-6C79-4F5C-BA7F-738A0BD72D25}.Release|TwinCAT RT (x64).ActiveCfg = Release|TwinCAT RT (x64)
		{AA3D249E-6C79-4F5C-BA7F-738A0BD72D25}.Release|TwinCAT RT (x64).Build.0 = Release|TwinCAT RT (x64)
		{AA3D249E-6C79-4F5C-BA7F-738A0BD72D25}.Release|TwinCAT RT (x86).ActiveCfg = Release|TwinCAT RT (x86)
		{AA3D249E-6C79-4F5C-BA7F-738A0BD72D25}.Release|TwinCAT RT (x86).Build.0 = Release|TwinCAT RT (x86)
		{33CD75C3-3CCC-449D-8E89-96D8D05638CC}.Debug|TwinCAT CE7 (ARMV7).ActiveCfg = Debug|TwinCAT CE7 (ARMV7)
		{33CD75C3-3CCC-449D-8E89-96D8D05638CC}.Debug|TwinCAT CE7 (ARMV7).Build.0 = Debug|TwinCAT CE7 (ARMV7)
		{33CD75C3-3CCC-449D-8E89-96D8D05638CC}.Debug|TwinCAT OS (ARMT2).ActiveCfg = Debug|TwinCAT OS (ARMT2)
		{33CD75C3-3CCC-449D-8E89-96D8D05638CC}.Debug|TwinCAT OS (ARMT2).Build.0 = Debug|TwinCAT OS (ARMT2)
		{33CD75C3-3CCC-449D-8E89-96D8D05638CC}.Debug|TwinCAT RT (x64).ActiveCfg = Debug|TwinCAT RT (x64)
		{33CD75C3-3CCC-449D-8E89-96D8D05638CC}.Debug|TwinCAT RT (x64).Build.0 = Debug|TwinCAT RT (x64)
		{33CD75C3-3CCC-449D-8E89-96D8D05638CC}.Debug|TwinCAT RT (x86).ActiveCfg = Debug|TwinCAT RT (x86)
		{33CD75C3-3CCC-449D-8E89-96D8D05638CC}.Debug|TwinCAT RT (x86).Build.0 = Debug|TwinCAT RT (x86)
		{33CD75C3-3CCC-449D-8E89-96D8D05638CC}.Release|TwinCAT CE7 (ARMV7).ActiveCfg = Release|TwinCAT CE7 (ARMV7)
		{33CD75C3-3CCC-449D-8E89-96D8D05638CC}.Release|TwinCAT CE7 (ARMV7).Build.0 = Release|TwinCAT CE7 (ARMV7)
		{33CD75C3-3CCC-449D-8E89-96D8D05638CC}.Release|TwinCAT OS (ARMT2).ActiveCfg = Release|TwinCAT OS (ARMT2)
		{33CD75C3-3CCC-449D-8E89-96D8D05638CC}.Release|TwinCAT OS (ARMT2).Build.0 = Release|TwinCAT OS (ARMT2)
		{33CD75C3-3CCC-449D-8E89-96D8D05638CC}.Release|TwinCAT RT (x64).ActiveCfg = Release|TwinCAT RT (x64)
		{33CD75C3-3CCC-449D-8E89-96D8D05638CC}.Release|TwinCAT RT (x64).Build.0 = Release|TwinCAT RT (x64)
		{33CD75C3-3CCC-449D-8E89-96D8D05638CC}.Release|TwinCAT RT (x86).ActiveCfg = Release|TwinCAT RT (x86)
		{33CD75C3-3CCC-449D-8E89-96D8D05638CC}.Release|TwinCAT RT (x86).Build.0 = Release|TwinCAT RT (x86)
	EndGlobalSection
	GlobalSection(SolutionProperties) = preSolution
		HideSolutionNode = FALSE
	EndGlobalSection
	GlobalSection(ExtensibilityGlobals) = postSolution
		SolutionGuid = {EE51AB21-C679-4B20-988B-BD2A4FD92CA0}
	EndGlobalSection
EndGlobal
