
Microsoft Visual Studio Solution File, Format Version 12.00
# TcXaeShell Solution File, Format Version 11.00
VisualStudioVersion = 15.0.28010.2050
MinimumVisualStudioVersion = 10.0.40219.1
Project("{B1E792BE-AA5F-4E3C-8C82-674BF9C0715B}") = "tchmi-load-structure-from-json", "tchmi-load-structure-from-json\tchmi-load-structure-from-json.tsproj", "{957053FC-5D44-47AA-A00C-94DFD5CBBE7A}"
EndProject
Project("{FE7A1B72-C5B7-4D7C-BB7D-76384D4DE8E1}") = "tchmi-demo", "tchmi-demo\tchmi-demo.hmiproj", "{B1DB2C5B-8E71-4472-AF3A-BC9AFDD5B7A3}"
EndProject
Global
	GlobalSection(SolutionConfigurationPlatforms) = preSolution
		Debug|TwinCAT CE7 (ARMV7) = Debug|TwinCAT CE7 (ARMV7)
		Debug|TwinCAT HMI = Debug|TwinCAT HMI
		Debug|TwinCAT OS (ARMT2) = Debug|TwinCAT OS (ARMT2)
		Debug|TwinCAT RT (x64) = Debug|TwinCAT RT (x64)
		Debug|TwinCAT RT (x86) = Debug|TwinCAT RT (x86)
		Release|TwinCAT CE7 (ARMV7) = Release|TwinCAT CE7 (ARMV7)
		Release|TwinCAT HMI = Release|TwinCAT HMI
		Release|TwinCAT OS (ARMT2) = Release|TwinCAT OS (ARMT2)
		Release|TwinCAT RT (x64) = Release|TwinCAT RT (x64)
		Release|TwinCAT RT (x86) = Release|TwinCAT RT (x86)
	EndGlobalSection
	GlobalSection(ProjectConfigurationPlatforms) = postSolution
		{957053FC-5D44-47AA-A00C-94DFD5CBBE7A}.Debug|TwinCAT CE7 (ARMV7).ActiveCfg = Debug|TwinCAT CE7 (ARMV7)
		{957053FC-5D44-47AA-A00C-94DFD5CBBE7A}.Debug|TwinCAT CE7 (ARMV7).Build.0 = Debug|TwinCAT CE7 (ARMV7)
		{957053FC-5D44-47AA-A00C-94DFD5CBBE7A}.Debug|TwinCAT HMI.ActiveCfg = Debug|TwinCAT OS (ARMT2)
		{957053FC-5D44-47AA-A00C-94DFD5CBBE7A}.Debug|TwinCAT OS (ARMT2).ActiveCfg = Debug|TwinCAT OS (ARMT2)
		{957053FC-5D44-47AA-A00C-94DFD5CBBE7A}.Debug|TwinCAT OS (ARMT2).Build.0 = Debug|TwinCAT OS (ARMT2)
		{957053FC-5D44-47AA-A00C-94DFD5CBBE7A}.Debug|TwinCAT RT (x64).ActiveCfg = Debug|TwinCAT RT (x64)
		{957053FC-5D44-47AA-A00C-94DFD5CBBE7A}.Debug|TwinCAT RT (x64).Build.0 = Debug|TwinCAT RT (x64)
		{957053FC-5D44-47AA-A00C-94DFD5CBBE7A}.Debug|TwinCAT RT (x86).ActiveCfg = Debug|TwinCAT RT (x86)
		{957053FC-5D44-47AA-A00C-94DFD5CBBE7A}.Debug|TwinCAT RT (x86).Build.0 = Debug|TwinCAT RT (x86)
		{957053FC-5D44-47AA-A00C-94DFD5CBBE7A}.Release|TwinCAT CE7 (ARMV7).ActiveCfg = Release|TwinCAT CE7 (ARMV7)
		{957053FC-5D44-47AA-A00C-94DFD5CBBE7A}.Release|TwinCAT CE7 (ARMV7).Build.0 = Release|TwinCAT CE7 (ARMV7)
		{957053FC-5D44-47AA-A00C-94DFD5CBBE7A}.Release|TwinCAT HMI.ActiveCfg = Release|TwinCAT OS (ARMT2)
		{957053FC-5D44-47AA-A00C-94DFD5CBBE7A}.Release|TwinCAT OS (ARMT2).ActiveCfg = Release|TwinCAT OS (ARMT2)
		{957053FC-5D44-47AA-A00C-94DFD5CBBE7A}.Release|TwinCAT OS (ARMT2).Build.0 = Release|TwinCAT OS (ARMT2)
		{957053FC-5D44-47AA-A00C-94DFD5CBBE7A}.Release|TwinCAT RT (x64).ActiveCfg = Release|TwinCAT RT (x64)
		{957053FC-5D44-47AA-A00C-94DFD5CBBE7A}.Release|TwinCAT RT (x64).Build.0 = Release|TwinCAT RT (x64)
		{957053FC-5D44-47AA-A00C-94DFD5CBBE7A}.Release|TwinCAT RT (x86).ActiveCfg = Release|TwinCAT RT (x86)
		{957053FC-5D44-47AA-A00C-94DFD5CBBE7A}.Release|TwinCAT RT (x86).Build.0 = Release|TwinCAT RT (x86)
		{B1DB2C5B-8E71-4472-AF3A-BC9AFDD5B7A3}.Debug|TwinCAT CE7 (ARMV7).ActiveCfg = Debug|TwinCAT HMI
		{B1DB2C5B-8E71-4472-AF3A-BC9AFDD5B7A3}.Debug|TwinCAT HMI.ActiveCfg = Debug|TwinCAT HMI
		{B1DB2C5B-8E71-4472-AF3A-BC9AFDD5B7A3}.Debug|TwinCAT HMI.Build.0 = Debug|TwinCAT HMI
		{B1DB2C5B-8E71-4472-AF3A-BC9AFDD5B7A3}.Debug|TwinCAT OS (ARMT2).ActiveCfg = Debug|TwinCAT HMI
		{B1DB2C5B-8E71-4472-AF3A-BC9AFDD5B7A3}.Debug|TwinCAT RT (x64).ActiveCfg = Debug|TwinCAT HMI
		{B1DB2C5B-8E71-4472-AF3A-BC9AFDD5B7A3}.Debug|TwinCAT RT (x86).ActiveCfg = Debug|TwinCAT HMI
		{B1DB2C5B-8E71-4472-AF3A-BC9AFDD5B7A3}.Release|TwinCAT CE7 (ARMV7).ActiveCfg = Release|TwinCAT HMI
		{B1DB2C5B-8E71-4472-AF3A-BC9AFDD5B7A3}.Release|TwinCAT HMI.ActiveCfg = Release|TwinCAT HMI
		{B1DB2C5B-8E71-4472-AF3A-BC9AFDD5B7A3}.Release|TwinCAT HMI.Build.0 = Release|TwinCAT HMI
		{B1DB2C5B-8E71-4472-AF3A-BC9AFDD5B7A3}.Release|TwinCAT OS (ARMT2).ActiveCfg = Release|TwinCAT HMI
		{B1DB2C5B-8E71-4472-AF3A-BC9AFDD5B7A3}.Release|TwinCAT RT (x64).ActiveCfg = Release|TwinCAT HMI
		{B1DB2C5B-8E71-4472-AF3A-BC9AFDD5B7A3}.Release|TwinCAT RT (x86).ActiveCfg = Release|TwinCAT HMI
		{304D3361-2E5A-4453-99CF-2B4A50F0C6B5}.Debug|TwinCAT CE7 (ARMV7).ActiveCfg = Debug|TwinCAT CE7 (ARMV7)
		{304D3361-2E5A-4453-99CF-2B4A50F0C6B5}.Debug|TwinCAT CE7 (ARMV7).Build.0 = Debug|TwinCAT CE7 (ARMV7)
		{304D3361-2E5A-4453-99CF-2B4A50F0C6B5}.Debug|TwinCAT HMI.ActiveCfg = Debug|TwinCAT OS (ARMT2)
		{304D3361-2E5A-4453-99CF-2B4A50F0C6B5}.Debug|TwinCAT OS (ARMT2).ActiveCfg = Debug|TwinCAT OS (ARMT2)
		{304D3361-2E5A-4453-99CF-2B4A50F0C6B5}.Debug|TwinCAT OS (ARMT2).Build.0 = Debug|TwinCAT OS (ARMT2)
		{304D3361-2E5A-4453-99CF-2B4A50F0C6B5}.Debug|TwinCAT RT (x64).ActiveCfg = Debug|TwinCAT RT (x64)
		{304D3361-2E5A-4453-99CF-2B4A50F0C6B5}.Debug|TwinCAT RT (x64).Build.0 = Debug|TwinCAT RT (x64)
		{304D3361-2E5A-4453-99CF-2B4A50F0C6B5}.Debug|TwinCAT RT (x86).ActiveCfg = Debug|TwinCAT RT (x86)
		{304D3361-2E5A-4453-99CF-2B4A50F0C6B5}.Debug|TwinCAT RT (x86).Build.0 = Debug|TwinCAT RT (x86)
		{304D3361-2E5A-4453-99CF-2B4A50F0C6B5}.Release|TwinCAT CE7 (ARMV7).ActiveCfg = Release|TwinCAT CE7 (ARMV7)
		{304D3361-2E5A-4453-99CF-2B4A50F0C6B5}.Release|TwinCAT CE7 (ARMV7).Build.0 = Release|TwinCAT CE7 (ARMV7)
		{304D3361-2E5A-4453-99CF-2B4A50F0C6B5}.Release|TwinCAT HMI.ActiveCfg = Release|TwinCAT OS (ARMT2)
		{304D3361-2E5A-4453-99CF-2B4A50F0C6B5}.Release|TwinCAT OS (ARMT2).ActiveCfg = Release|TwinCAT OS (ARMT2)
		{304D3361-2E5A-4453-99CF-2B4A50F0C6B5}.Release|TwinCAT OS (ARMT2).Build.0 = Release|TwinCAT OS (ARMT2)
		{304D3361-2E5A-4453-99CF-2B4A50F0C6B5}.Release|TwinCAT RT (x64).ActiveCfg = Release|TwinCAT RT (x64)
		{304D3361-2E5A-4453-99CF-2B4A50F0C6B5}.Release|TwinCAT RT (x64).Build.0 = Release|TwinCAT RT (x64)
		{304D3361-2E5A-4453-99CF-2B4A50F0C6B5}.Release|TwinCAT RT (x86).ActiveCfg = Release|TwinCAT RT (x86)
		{304D3361-2E5A-4453-99CF-2B4A50F0C6B5}.Release|TwinCAT RT (x86).Build.0 = Release|TwinCAT RT (x86)
	EndGlobalSection
	GlobalSection(SolutionProperties) = preSolution
		HideSolutionNode = FALSE
	EndGlobalSection
	GlobalSection(ExtensibilityGlobals) = postSolution
		SolutionGuid = {8474C8FA-8493-4182-9A20-FB2F286AC445}
	EndGlobalSection
EndGlobal
